
Microsoft Visual Studio Solution File, Format Version 12.00
# Visual Studio Version 16
VisualStudioVersion = 16.0.29306.81
MinimumVisualStudioVersion = 10.0.40219.1
Project("{FAE04EC0-301F-11D3-BF4B-00C04F79EFBC}") = "GamerBot", "GamerBot\GamerBot.csproj", "{F4B7ACCA-AA30-4C2E-BDA8-1345E64D0859}"
EndProject
Global
	GlobalSection(SolutionConfigurationPlatforms) = preSolution
		Debug|Any CPU = Debug|Any CPU
		Release|Any CPU = Release|Any CPU
	EndGlobalSection
	GlobalSection(ProjectConfigurationPlatforms) = postSolution
		{F4B7ACCA-AA30-4C2E-BDA8-1345E64D0859}.Debug|Any CPU.ActiveCfg = Debug|Any CPU
		{F4B7ACCA-AA30-4C2E-BDA8-1345E64D0859}.Debug|Any CPU.Build.0 = Debug|Any CPU
		{F4B7ACCA-AA30-4C2E-BDA8-1345E64D0859}.Release|Any CPU.ActiveCfg = Release|Any CPU
		{F4B7ACCA-AA30-4C2E-BDA8-1345E64D0859}.Release|Any CPU.Build.0 = Release|Any CPU
	EndGlobalSection
	GlobalSection(SolutionProperties) = preSolution
		HideSolutionNode = FALSE
	EndGlobalSection
	GlobalSection(ExtensibilityGlobals) = postSolution
		SolutionGuid = {AC4E3CF9-4A47-437F-822D-FEEA0BB3435E}
	EndGlobalSection
EndGlobal
